
Microsoft Visual Studio Solution File, Format Version 12.00
# Visual Studio Version 17
VisualStudioVersion = 17.0.31903.59
MinimumVisualStudioVersion = 10.0.40219.1
Project("{2150E333-8FDC-42A3-9474-1A3956D46DE8}") = "src", "src", "{D86968BD-DA8A-4A79-9B51-CC3A56F1C265}"
EndProject
Project("{2150E333-8FDC-42A3-9474-1A3956D46DE8}") = "BuildingBlocks", "BuildingBlocks", "{F7D00D38-EA76-477A-B70D-9889A0A7AFB5}"
EndProject
Project("{2150E333-8FDC-42A3-9474-1A3956D46DE8}") = "Services", "Services", "{5CABE16A-1389-44E8-A6B1-C740E5C44EE4}"
EndProject
Project("{2150E333-8FDC-42A3-9474-1A3956D46DE8}") = "Ordering", "Ordering", "{B30BFBA5-FA9F-4FBC-A97F-9E0D145475A6}"
EndProject
Project("{2150E333-8FDC-42A3-9474-1A3956D46DE8}") = "Products", "Products", "{3BB5862C-CDCD-417E-9AB6-A0BAA400C3D2}"
EndProject
Project("{2150E333-8FDC-42A3-9474-1A3956D46DE8}") = "Identity", "Identity", "{00C00537-F393-4CB4-88E6-280C913B4498}"
EndProject
Project("{2150E333-8FDC-42A3-9474-1A3956D46DE8}") = "EventBus", "EventBus", "{B626013C-0486-495A-99B3-1267FBA815C2}"
EndProject
Project("{FAE04EC0-301F-11D3-BF4B-00C04F79EFBC}") = "EventBus", "src\BuildingBlocks\EventBus\EventBus\EventBus.csproj", "{2781C8EE-4EE1-481E-B7E4-2C363DE2F7C7}"
EndProject
Project("{FAE04EC0-301F-11D3-BF4B-00C04F79EFBC}") = "EventBus.Kafka", "src\BuildingBlocks\EventBus\EventBus.Kafka\EventBus.Kafka.csproj", "{03916D6F-A561-4ED0-9E9C-0D6A8823F179}"
EndProject
Project("{2150E333-8FDC-42A3-9474-1A3956D46DE8}") = "Common", "Common", "{8D038A07-703C-4502-882F-07A3AEB94CF0}"
EndProject
Project("{FAE04EC0-301F-11D3-BF4B-00C04F79EFBC}") = "Ordering.API", "src\Services\Ordering\Ordering.API\Ordering.API.csproj", "{74B6A18E-874F-45D5-B09C-B7A1809228C1}"
EndProject
Project("{2150E333-8FDC-42A3-9474-1A3956D46DE8}") = "Basket", "Basket", "{BCB918BD-09D9-480D-B3D4-1F9A0FB10CD5}"
EndProject
Project("{FAE04EC0-301F-11D3-BF4B-00C04F79EFBC}") = "Basket.API", "src\Services\Basket\Basket.API\Basket.API.csproj", "{4A858CCC-10CD-41B4-ACA1-75A0BFDAE6B2}"
EndProject
Project("{2150E333-8FDC-42A3-9474-1A3956D46DE8}") = "Contracts", "Contracts", "{B316BCB6-E179-4F84-A9FB-05230B4D34A5}"
EndProject
Project("{FAE04EC0-301F-11D3-BF4B-00C04F79EFBC}") = "Contracts", "src\BuildingBlocks\Contracts\Contracts\Contracts.csproj", "{A98CA0D2-A425-4A4B-A516-B2DF60C2A15B}"
EndProject
Project("{FAE04EC0-301F-11D3-BF4B-00C04F79EFBC}") = "Services.DependencyInjection", "src\Services\Common\Services.DependencyInjection\Services.DependencyInjection.csproj", "{854453C5-06EE-4898-8B80-75318FE89457}"
EndProject
Project("{FAE04EC0-301F-11D3-BF4B-00C04F79EFBC}") = "Services.Common", "src\Services\Common\Services.Common\Services.Common.csproj", "{75B85C47-B169-46E8-B6AB-A91F7209DB90}"
EndProject
Project("{FAE04EC0-301F-11D3-BF4B-00C04F79EFBC}") = "Products.API", "src\Services\Products\Products.API\Products.API.csproj", "{C278971E-E060-4A57-BD72-C1ABDD90A72E}"
EndProject
Project("{FAE04EC0-301F-11D3-BF4B-00C04F79EFBC}") = "Products.Domain", "src\Services\Products\Products.Domain\Products.Domain.csproj", "{3E5FFBE5-B96D-4607-AA0E-EEC5A558CACC}"
EndProject
Project("{FAE04EC0-301F-11D3-BF4B-00C04F79EFBC}") = "Products.Infrastructure", "src\Services\Products\Products.Infrastructure\Products.Infrastructure.csproj", "{B131AF37-7629-44C1-85DE-B94A78400526}"
EndProject
Project("{FAE04EC0-301F-11D3-BF4B-00C04F79EFBC}") = "Products.Application", "src\Services\Products\Products.Application\Products.Application.csproj", "{D68A3DEC-97B6-4594-AE52-C748B916B640}"
EndProject
Project("{FAE04EC0-301F-11D3-BF4B-00C04F79EFBC}") = "Ordering.Infrastructure", "src\Services\Ordering\Ordering.Infrastructure\Ordering.Infrastructure.csproj", "{2C1FFED0-8996-4C07-A170-5EF5F52BC64A}"
EndProject
Project("{FAE04EC0-301F-11D3-BF4B-00C04F79EFBC}") = "Ordering.Domain", "src\Services\Ordering\Ordering.Domain\Ordering.Domain.csproj", "{AFC3FBC9-DAE6-4D55-A117-D44929CC0863}"
EndProject
Project("{FAE04EC0-301F-11D3-BF4B-00C04F79EFBC}") = "Ordering.Application", "src\Services\Ordering\Ordering.Application\Ordering.Application.csproj", "{A6025581-8243-4B64-91F3-D331D5905F7D}"
EndProject
Project("{2150E333-8FDC-42A3-9474-1A3956D46DE8}") = "Payment", "Payment", "{C405265A-C8A8-4835-BDB9-5980D5C7A440}"
EndProject
Project("{FAE04EC0-301F-11D3-BF4B-00C04F79EFBC}") = "Payment.API", "src\Services\Payment\Payment.API\Payment.API.csproj", "{DB60CA82-DB45-4281-B255-5CA63F595F0B}"
EndProject
Project("{2150E333-8FDC-42A3-9474-1A3956D46DE8}") = "Report", "Report", "{7C051979-97E5-4705-9DF4-ABC1F24C8B5C}"
EndProject
Project("{FAE04EC0-301F-11D3-BF4B-00C04F79EFBC}") = "Report.API", "src\Services\Report\Report.API\Report.API.csproj", "{32ACE1F9-F6F1-4258-82E6-D70FFA21E0B6}"
EndProject
Project("{FAE04EC0-301F-11D3-BF4B-00C04F79EFBC}") = "Identity.API", "src\Services\Identity\Identity.API\Identity.API.csproj", "{EDD0982B-0C70-439D-86EC-DFD7EC0F89D6}"
EndProject
Project("{2150E333-8FDC-42A3-9474-1A3956D46DE8}") = "Messaging", "Messaging", "{507B1D4A-7FFB-4A40-AE30-040F069AE6D0}"
EndProject
Project("{FAE04EC0-301F-11D3-BF4B-00C04F79EFBC}") = "MessageBus", "src\BuildingBlocks\MessageBus\MessageBus.csproj", "{284093AA-6DE1-4A61-A357-A4C8C99701C6}"
EndProject
Project("{FAE04EC0-301F-11D3-BF4B-00C04F79EFBC}") = "MessageBus.Nats", "src\BuildingBlocks\MessageBus.Nats\MessageBus.Nats.csproj", "{C3CC9B83-532C-4741-81C2-6F23BCA8F51E}"
EndProject
Project("{2150E333-8FDC-42A3-9474-1A3956D46DE8}") = "solution items", "solution items", "{B18C6B3B-2B0C-4F9D-9AF0-1C500BED95AD}"
	ProjectSection(SolutionItems) = preProject
		Directory.Packages.props = Directory.Packages.props
		.gitignore = .gitignore
		Shared.props = Shared.props
		README.md = README.md
		docker-compose.yml = docker-compose.yml
		docker-compose.kafka.yml = docker-compose.kafka.yml
	EndProjectSection
EndProject
Project("{2150E333-8FDC-42A3-9474-1A3956D46DE8}") = "EventBridge", "EventBridge", "{4EF32C3A-A19B-419A-9213-657CD42A87E5}"
EndProject
Project("{FAE04EC0-301F-11D3-BF4B-00C04F79EFBC}") = "EventBridge", "src\BuildingBlocks\EventBridge\EventBridge\EventBridge.csproj", "{33C9E201-7550-4400-8E81-C3D02F3A3206}"
EndProject
Project("{FAE04EC0-301F-11D3-BF4B-00C04F79EFBC}") = "EventBridge.Outbox", "src\BuildingBlocks\EventBridge\EventBridge.Outbox\EventBridge.Outbox.csproj", "{7D7B11A7-3F81-44CD-A577-C5EA34A5EE42}"
EndProject
Global
	GlobalSection(SolutionConfigurationPlatforms) = preSolution
		Debug|Any CPU = Debug|Any CPU
		Release|Any CPU = Release|Any CPU
	EndGlobalSection
	GlobalSection(SolutionProperties) = preSolution
		HideSolutionNode = FALSE
	EndGlobalSection
	GlobalSection(NestedProjects) = preSolution
		{F7D00D38-EA76-477A-B70D-9889A0A7AFB5} = {D86968BD-DA8A-4A79-9B51-CC3A56F1C265}
		{5CABE16A-1389-44E8-A6B1-C740E5C44EE4} = {D86968BD-DA8A-4A79-9B51-CC3A56F1C265}
		{B30BFBA5-FA9F-4FBC-A97F-9E0D145475A6} = {5CABE16A-1389-44E8-A6B1-C740E5C44EE4}
		{3BB5862C-CDCD-417E-9AB6-A0BAA400C3D2} = {5CABE16A-1389-44E8-A6B1-C740E5C44EE4}
		{00C00537-F393-4CB4-88E6-280C913B4498} = {5CABE16A-1389-44E8-A6B1-C740E5C44EE4}
		{B626013C-0486-495A-99B3-1267FBA815C2} = {F7D00D38-EA76-477A-B70D-9889A0A7AFB5}
		{2781C8EE-4EE1-481E-B7E4-2C363DE2F7C7} = {B626013C-0486-495A-99B3-1267FBA815C2}
		{03916D6F-A561-4ED0-9E9C-0D6A8823F179} = {B626013C-0486-495A-99B3-1267FBA815C2}
		{8D038A07-703C-4502-882F-07A3AEB94CF0} = {5CABE16A-1389-44E8-A6B1-C740E5C44EE4}
		{74B6A18E-874F-45D5-B09C-B7A1809228C1} = {B30BFBA5-FA9F-4FBC-A97F-9E0D145475A6}
		{BCB918BD-09D9-480D-B3D4-1F9A0FB10CD5} = {5CABE16A-1389-44E8-A6B1-C740E5C44EE4}
		{4A858CCC-10CD-41B4-ACA1-75A0BFDAE6B2} = {BCB918BD-09D9-480D-B3D4-1F9A0FB10CD5}
		{B316BCB6-E179-4F84-A9FB-05230B4D34A5} = {F7D00D38-EA76-477A-B70D-9889A0A7AFB5}
		{A98CA0D2-A425-4A4B-A516-B2DF60C2A15B} = {B316BCB6-E179-4F84-A9FB-05230B4D34A5}
		{854453C5-06EE-4898-8B80-75318FE89457} = {8D038A07-703C-4502-882F-07A3AEB94CF0}
		{75B85C47-B169-46E8-B6AB-A91F7209DB90} = {8D038A07-703C-4502-882F-07A3AEB94CF0}
		{C278971E-E060-4A57-BD72-C1ABDD90A72E} = {3BB5862C-CDCD-417E-9AB6-A0BAA400C3D2}
		{3E5FFBE5-B96D-4607-AA0E-EEC5A558CACC} = {3BB5862C-CDCD-417E-9AB6-A0BAA400C3D2}
		{B131AF37-7629-44C1-85DE-B94A78400526} = {3BB5862C-CDCD-417E-9AB6-A0BAA400C3D2}
		{D68A3DEC-97B6-4594-AE52-C748B916B640} = {3BB5862C-CDCD-417E-9AB6-A0BAA400C3D2}
		{2C1FFED0-8996-4C07-A170-5EF5F52BC64A} = {B30BFBA5-FA9F-4FBC-A97F-9E0D145475A6}
		{AFC3FBC9-DAE6-4D55-A117-D44929CC0863} = {B30BFBA5-FA9F-4FBC-A97F-9E0D145475A6}
		{A6025581-8243-4B64-91F3-D331D5905F7D} = {B30BFBA5-FA9F-4FBC-A97F-9E0D145475A6}
		{C405265A-C8A8-4835-BDB9-5980D5C7A440} = {5CABE16A-1389-44E8-A6B1-C740E5C44EE4}
		{DB60CA82-DB45-4281-B255-5CA63F595F0B} = {C405265A-C8A8-4835-BDB9-5980D5C7A440}
		{7C051979-97E5-4705-9DF4-ABC1F24C8B5C} = {5CABE16A-1389-44E8-A6B1-C740E5C44EE4}
		{32ACE1F9-F6F1-4258-82E6-D70FFA21E0B6} = {7C051979-97E5-4705-9DF4-ABC1F24C8B5C}
		{EDD0982B-0C70-439D-86EC-DFD7EC0F89D6} = {00C00537-F393-4CB4-88E6-280C913B4498}
		{507B1D4A-7FFB-4A40-AE30-040F069AE6D0} = {F7D00D38-EA76-477A-B70D-9889A0A7AFB5}
		{284093AA-6DE1-4A61-A357-A4C8C99701C6} = {507B1D4A-7FFB-4A40-AE30-040F069AE6D0}
		{C3CC9B83-532C-4741-81C2-6F23BCA8F51E} = {507B1D4A-7FFB-4A40-AE30-040F069AE6D0}
		{4EF32C3A-A19B-419A-9213-657CD42A87E5} = {F7D00D38-EA76-477A-B70D-9889A0A7AFB5}
		{33C9E201-7550-4400-8E81-C3D02F3A3206} = {4EF32C3A-A19B-419A-9213-657CD42A87E5}
		{7D7B11A7-3F81-44CD-A577-C5EA34A5EE42} = {4EF32C3A-A19B-419A-9213-657CD42A87E5}
	EndGlobalSection
	GlobalSection(ProjectConfigurationPlatforms) = postSolution
		{2781C8EE-4EE1-481E-B7E4-2C363DE2F7C7}.Debug|Any CPU.ActiveCfg = Debug|Any CPU
		{2781C8EE-4EE1-481E-B7E4-2C363DE2F7C7}.Debug|Any CPU.Build.0 = Debug|Any CPU
		{2781C8EE-4EE1-481E-B7E4-2C363DE2F7C7}.Release|Any CPU.ActiveCfg = Release|Any CPU
		{2781C8EE-4EE1-481E-B7E4-2C363DE2F7C7}.Release|Any CPU.Build.0 = Release|Any CPU
		{03916D6F-A561-4ED0-9E9C-0D6A8823F179}.Debug|Any CPU.ActiveCfg = Debug|Any CPU
		{03916D6F-A561-4ED0-9E9C-0D6A8823F179}.Debug|Any CPU.Build.0 = Debug|Any CPU
		{03916D6F-A561-4ED0-9E9C-0D6A8823F179}.Release|Any CPU.ActiveCfg = Release|Any CPU
		{03916D6F-A561-4ED0-9E9C-0D6A8823F179}.Release|Any CPU.Build.0 = Release|Any CPU
		{74B6A18E-874F-45D5-B09C-B7A1809228C1}.Debug|Any CPU.ActiveCfg = Debug|Any CPU
		{74B6A18E-874F-45D5-B09C-B7A1809228C1}.Debug|Any CPU.Build.0 = Debug|Any CPU
		{74B6A18E-874F-45D5-B09C-B7A1809228C1}.Release|Any CPU.ActiveCfg = Release|Any CPU
		{74B6A18E-874F-45D5-B09C-B7A1809228C1}.Release|Any CPU.Build.0 = Release|Any CPU
		{4A858CCC-10CD-41B4-ACA1-75A0BFDAE6B2}.Debug|Any CPU.ActiveCfg = Debug|Any CPU
		{4A858CCC-10CD-41B4-ACA1-75A0BFDAE6B2}.Debug|Any CPU.Build.0 = Debug|Any CPU
		{4A858CCC-10CD-41B4-ACA1-75A0BFDAE6B2}.Release|Any CPU.ActiveCfg = Release|Any CPU
		{4A858CCC-10CD-41B4-ACA1-75A0BFDAE6B2}.Release|Any CPU.Build.0 = Release|Any CPU
		{A98CA0D2-A425-4A4B-A516-B2DF60C2A15B}.Debug|Any CPU.ActiveCfg = Debug|Any CPU
		{A98CA0D2-A425-4A4B-A516-B2DF60C2A15B}.Debug|Any CPU.Build.0 = Debug|Any CPU
		{A98CA0D2-A425-4A4B-A516-B2DF60C2A15B}.Release|Any CPU.ActiveCfg = Release|Any CPU
		{A98CA0D2-A425-4A4B-A516-B2DF60C2A15B}.Release|Any CPU.Build.0 = Release|Any CPU
		{854453C5-06EE-4898-8B80-75318FE89457}.Debug|Any CPU.ActiveCfg = Debug|Any CPU
		{854453C5-06EE-4898-8B80-75318FE89457}.Debug|Any CPU.Build.0 = Debug|Any CPU
		{854453C5-06EE-4898-8B80-75318FE89457}.Release|Any CPU.ActiveCfg = Release|Any CPU
		{854453C5-06EE-4898-8B80-75318FE89457}.Release|Any CPU.Build.0 = Release|Any CPU
		{75B85C47-B169-46E8-B6AB-A91F7209DB90}.Debug|Any CPU.ActiveCfg = Debug|Any CPU
		{75B85C47-B169-46E8-B6AB-A91F7209DB90}.Debug|Any CPU.Build.0 = Debug|Any CPU
		{75B85C47-B169-46E8-B6AB-A91F7209DB90}.Release|Any CPU.ActiveCfg = Release|Any CPU
		{75B85C47-B169-46E8-B6AB-A91F7209DB90}.Release|Any CPU.Build.0 = Release|Any CPU
		{C278971E-E060-4A57-BD72-C1ABDD90A72E}.Debug|Any CPU.ActiveCfg = Debug|Any CPU
		{C278971E-E060-4A57-BD72-C1ABDD90A72E}.Debug|Any CPU.Build.0 = Debug|Any CPU
		{C278971E-E060-4A57-BD72-C1ABDD90A72E}.Release|Any CPU.ActiveCfg = Release|Any CPU
		{C278971E-E060-4A57-BD72-C1ABDD90A72E}.Release|Any CPU.Build.0 = Release|Any CPU
		{3E5FFBE5-B96D-4607-AA0E-EEC5A558CACC}.Debug|Any CPU.ActiveCfg = Debug|Any CPU
		{3E5FFBE5-B96D-4607-AA0E-EEC5A558CACC}.Debug|Any CPU.Build.0 = Debug|Any CPU
		{3E5FFBE5-B96D-4607-AA0E-EEC5A558CACC}.Release|Any CPU.ActiveCfg = Release|Any CPU
		{3E5FFBE5-B96D-4607-AA0E-EEC5A558CACC}.Release|Any CPU.Build.0 = Release|Any CPU
		{B131AF37-7629-44C1-85DE-B94A78400526}.Debug|Any CPU.ActiveCfg = Debug|Any CPU
		{B131AF37-7629-44C1-85DE-B94A78400526}.Debug|Any CPU.Build.0 = Debug|Any CPU
		{B131AF37-7629-44C1-85DE-B94A78400526}.Release|Any CPU.ActiveCfg = Release|Any CPU
		{B131AF37-7629-44C1-85DE-B94A78400526}.Release|Any CPU.Build.0 = Release|Any CPU
		{D68A3DEC-97B6-4594-AE52-C748B916B640}.Debug|Any CPU.ActiveCfg = Debug|Any CPU
		{D68A3DEC-97B6-4594-AE52-C748B916B640}.Debug|Any CPU.Build.0 = Debug|Any CPU
		{D68A3DEC-97B6-4594-AE52-C748B916B640}.Release|Any CPU.ActiveCfg = Release|Any CPU
		{D68A3DEC-97B6-4594-AE52-C748B916B640}.Release|Any CPU.Build.0 = Release|Any CPU
		{2C1FFED0-8996-4C07-A170-5EF5F52BC64A}.Debug|Any CPU.ActiveCfg = Debug|Any CPU
		{2C1FFED0-8996-4C07-A170-5EF5F52BC64A}.Debug|Any CPU.Build.0 = Debug|Any CPU
		{2C1FFED0-8996-4C07-A170-5EF5F52BC64A}.Release|Any CPU.ActiveCfg = Release|Any CPU
		{2C1FFED0-8996-4C07-A170-5EF5F52BC64A}.Release|Any CPU.Build.0 = Release|Any CPU
		{AFC3FBC9-DAE6-4D55-A117-D44929CC0863}.Debug|Any CPU.ActiveCfg = Debug|Any CPU
		{AFC3FBC9-DAE6-4D55-A117-D44929CC0863}.Debug|Any CPU.Build.0 = Debug|Any CPU
		{AFC3FBC9-DAE6-4D55-A117-D44929CC0863}.Release|Any CPU.ActiveCfg = Release|Any CPU
		{AFC3FBC9-DAE6-4D55-A117-D44929CC0863}.Release|Any CPU.Build.0 = Release|Any CPU
		{A6025581-8243-4B64-91F3-D331D5905F7D}.Debug|Any CPU.ActiveCfg = Debug|Any CPU
		{A6025581-8243-4B64-91F3-D331D5905F7D}.Debug|Any CPU.Build.0 = Debug|Any CPU
		{A6025581-8243-4B64-91F3-D331D5905F7D}.Release|Any CPU.ActiveCfg = Release|Any CPU
		{A6025581-8243-4B64-91F3-D331D5905F7D}.Release|Any CPU.Build.0 = Release|Any CPU
		{DB60CA82-DB45-4281-B255-5CA63F595F0B}.Debug|Any CPU.ActiveCfg = Debug|Any CPU
		{DB60CA82-DB45-4281-B255-5CA63F595F0B}.Debug|Any CPU.Build.0 = Debug|Any CPU
		{DB60CA82-DB45-4281-B255-5CA63F595F0B}.Release|Any CPU.ActiveCfg = Release|Any CPU
		{DB60CA82-DB45-4281-B255-5CA63F595F0B}.Release|Any CPU.Build.0 = Release|Any CPU
		{32ACE1F9-F6F1-4258-82E6-D70FFA21E0B6}.Debug|Any CPU.ActiveCfg = Debug|Any CPU
		{32ACE1F9-F6F1-4258-82E6-D70FFA21E0B6}.Debug|Any CPU.Build.0 = Debug|Any CPU
		{32ACE1F9-F6F1-4258-82E6-D70FFA21E0B6}.Release|Any CPU.ActiveCfg = Release|Any CPU
		{32ACE1F9-F6F1-4258-82E6-D70FFA21E0B6}.Release|Any CPU.Build.0 = Release|Any CPU
		{EDD0982B-0C70-439D-86EC-DFD7EC0F89D6}.Debug|Any CPU.ActiveCfg = Debug|Any CPU
		{EDD0982B-0C70-439D-86EC-DFD7EC0F89D6}.Debug|Any CPU.Build.0 = Debug|Any CPU
		{EDD0982B-0C70-439D-86EC-DFD7EC0F89D6}.Release|Any CPU.ActiveCfg = Release|Any CPU
		{EDD0982B-0C70-439D-86EC-DFD7EC0F89D6}.Release|Any CPU.Build.0 = Release|Any CPU
		{284093AA-6DE1-4A61-A357-A4C8C99701C6}.Debug|Any CPU.ActiveCfg = Debug|Any CPU
		{284093AA-6DE1-4A61-A357-A4C8C99701C6}.Debug|Any CPU.Build.0 = Debug|Any CPU
		{284093AA-6DE1-4A61-A357-A4C8C99701C6}.Release|Any CPU.ActiveCfg = Release|Any CPU
		{284093AA-6DE1-4A61-A357-A4C8C99701C6}.Release|Any CPU.Build.0 = Release|Any CPU
		{C3CC9B83-532C-4741-81C2-6F23BCA8F51E}.Debug|Any CPU.ActiveCfg = Debug|Any CPU
		{C3CC9B83-532C-4741-81C2-6F23BCA8F51E}.Debug|Any CPU.Build.0 = Debug|Any CPU
		{C3CC9B83-532C-4741-81C2-6F23BCA8F51E}.Release|Any CPU.ActiveCfg = Release|Any CPU
		{C3CC9B83-532C-4741-81C2-6F23BCA8F51E}.Release|Any CPU.Build.0 = Release|Any CPU
		{33C9E201-7550-4400-8E81-C3D02F3A3206}.Debug|Any CPU.ActiveCfg = Debug|Any CPU
		{33C9E201-7550-4400-8E81-C3D02F3A3206}.Debug|Any CPU.Build.0 = Debug|Any CPU
		{33C9E201-7550-4400-8E81-C3D02F3A3206}.Release|Any CPU.ActiveCfg = Release|Any CPU
		{33C9E201-7550-4400-8E81-C3D02F3A3206}.Release|Any CPU.Build.0 = Release|Any CPU
		{7D7B11A7-3F81-44CD-A577-C5EA34A5EE42}.Debug|Any CPU.ActiveCfg = Debug|Any CPU
		{7D7B11A7-3F81-44CD-A577-C5EA34A5EE42}.Debug|Any CPU.Build.0 = Debug|Any CPU
		{7D7B11A7-3F81-44CD-A577-C5EA34A5EE42}.Release|Any CPU.ActiveCfg = Release|Any CPU
		{7D7B11A7-3F81-44CD-A577-C5EA34A5EE42}.Release|Any CPU.Build.0 = Release|Any CPU
	EndGlobalSection
EndGlobal
